{
  "version": 4,
  "terraform_version": "1.5.7",
  "serial": 34,
  "lineage": "2e09502b-df7b-812f-ce1a-df4966256ba5",
  "outputs": {},
  "resources": [
    {
      "mode": "data",
      "type": "google_project",
      "name": "project",
      "provider": "provider[\"registry.terraform.io/hashicorp/google\"]",
      "instances": [
        {
          "schema_version": 0,
          "attributes": {
            "auto_create_network": null,
            "billing_account": "01328E-C757BA-55D5C4",
            "deletion_policy": "PREVENT",
            "effective_labels": {},
            "folder_id": null,
            "id": "projects/gothic-victor-470918-u3",
            "labels": {},
            "name": "My First Project",
            "number": "270600096840",
            "org_id": null,
            "project_id": "gothic-victor-470918-u3",
            "tags": null,
            "terraform_labels": {}
          },
          "sensitive_attributes": []
        }
      ]
    },
    {
      "mode": "managed",
      "type": "google_cloudfunctions2_function",
      "name": "function",
      "provider": "provider[\"registry.terraform.io/hashicorp/google\"]",
      "instances": [
        {
          "schema_version": 0,
          "attributes": {
            "build_config": [
              {
                "automatic_update_policy": [
                  {}
                ],
                "build": "projects/270600096840/locations/us-central1/builds/d3f125bb-1e53-4b6b-a74a-8ef7723bedb9",
                "docker_repository": "projects/gothic-victor-470918-u3/locations/us-central1/repositories/gcf-artifacts",
                "entry_point": "main",
                "environment_variables": {},
                "on_deploy_update_policy": [],
                "runtime": "python311",
                "service_account": "projects/gothic-victor-470918-u3/serviceAccounts/270600096840-compute@developer.gserviceaccount.com",
                "source": [
                  {
                    "repo_source": [],
                    "storage_source": [
                      {
                        "bucket": "entrada-json",
                        "generation": 1756839248707616,
                        "object": "cloud_function_source.zip"
                      }
                    ]
                  }
                ],
                "worker_pool": ""
              }
            ],
            "description": "",
            "effective_labels": {
              "goog-terraform-provisioned": "true"
            },
            "environment": "GEN_2",
            "event_trigger": [
              {
                "event_filters": [],
                "event_type": "google.cloud.pubsub.topic.v1.messagePublished",
                "pubsub_topic": "projects/gothic-victor-470918-u3/topics/json-ingest-events",
                "retry_policy": "RETRY_POLICY_DO_NOT_RETRY",
                "service_account_email": "270600096840-compute@developer.gserviceaccount.com",
                "trigger": "projects/gothic-victor-470918-u3/locations/us-central1/triggers/procesar-json-640490",
                "trigger_region": "us-central1"
              }
            ],
            "id": "projects/gothic-victor-470918-u3/locations/us-central1/functions/procesar_json",
            "kms_key_name": "",
            "labels": {},
            "location": "us-central1",
            "name": "procesar_json",
            "project": "gothic-victor-470918-u3",
            "service_config": [
              {
                "all_traffic_on_latest_revision": true,
                "available_cpu": "0.3333",
                "available_memory": "512M",
                "binary_authorization_policy": "",
                "environment_variables": {
                  "LOG_EXECUTION_ID": "true",
                  "RAW_BUCKET": "salida-raw"
                },
                "gcf_uri": "",
                "ingress_settings": "ALLOW_ALL",
                "max_instance_count": 3,
                "max_instance_request_concurrency": 1,
                "min_instance_count": 0,
                "secret_environment_variables": [],
                "secret_volumes": [],
                "service": "projects/gothic-victor-470918-u3/locations/us-central1/services/procesar-json",
                "service_account_email": "270600096840-compute@developer.gserviceaccount.com",
                "timeout_seconds": 60,
                "uri": "https://procesar-json-kfnqn7dsqq-uc.a.run.app",
                "vpc_connector": "",
                "vpc_connector_egress_settings": ""
              }
            ],
            "state": "ACTIVE",
            "terraform_labels": {
              "goog-terraform-provisioned": "true"
            },
            "timeouts": null,
            "update_time": "2025-09-02T19:15:20.583206934Z",
            "url": "https://us-central1-gothic-victor-470918-u3.cloudfunctions.net/procesar_json"
          },
          "sensitive_attributes": [],
          "private": "eyJlMmJmYjczMC1lY2FhLTExZTYtOGY4OC0zNDM2M2JjN2M0YzAiOnsiY3JlYXRlIjozNjAwMDAwMDAwMDAwLCJkZWxldGUiOjM2MDAwMDAwMDAwMDAsInVwZGF0ZSI6MzYwMDAwMDAwMDAwMH19",
          "dependencies": [
            "google_pubsub_topic.topic",
            "google_storage_bucket.input",
            "google_storage_bucket_object.function_zip"
          ]
        }
      ]
    },
    {
      "mode": "managed",
      "type": "google_project_iam_member",
      "name": "cloudfn_pubsub",
      "provider": "provider[\"registry.terraform.io/hashicorp/google\"]",
      "instances": [
        {
          "schema_version": 0,
          "attributes": {
            "condition": [],
            "etag": "BwY91go5VZ4=",
            "id": "gothic-victor-470918-u3/roles/pubsub.subscriber/serviceAccount:270600096840-compute@developer.gserviceaccount.com",
            "member": "serviceAccount:270600096840-compute@developer.gserviceaccount.com",
            "project": "gothic-victor-470918-u3",
            "role": "roles/pubsub.subscriber"
          },
          "sensitive_attributes": [],
          "private": "bnVsbA==",
          "dependencies": [
            "google_cloudfunctions2_function.function",
            "google_pubsub_topic.topic",
            "google_storage_bucket.input",
            "google_storage_bucket_object.function_zip"
          ]
        }
      ]
    },
    {
      "mode": "managed",
      "type": "google_project_iam_member",
      "name": "cloudfn_storage",
      "provider": "provider[\"registry.terraform.io/hashicorp/google\"]",
      "instances": [
        {
          "schema_version": 0,
          "attributes": {
            "condition": [],
            "etag": "BwY91go5VZ4=",
            "id": "gothic-victor-470918-u3/roles/storage.admin/serviceAccount:270600096840-compute@developer.gserviceaccount.com",
            "member": "serviceAccount:270600096840-compute@developer.gserviceaccount.com",
            "project": "gothic-victor-470918-u3",
            "role": "roles/storage.admin"
          },
          "sensitive_attributes": [],
          "private": "bnVsbA==",
          "dependencies": [
            "google_cloudfunctions2_function.function",
            "google_pubsub_topic.topic",
            "google_storage_bucket.input",
            "google_storage_bucket_object.function_zip"
          ]
        }
      ]
    },
    {
      "mode": "managed",
      "type": "google_pubsub_topic",
      "name": "topic",
      "provider": "provider[\"registry.terraform.io/hashicorp/google\"]",
      "instances": [
        {
          "schema_version": 0,
          "attributes": {
            "effective_labels": {
              "goog-terraform-provisioned": "true"
            },
            "id": "projects/gothic-victor-470918-u3/topics/json-ingest-events",
            "ingestion_data_source_settings": [],
            "kms_key_name": "",
            "labels": {},
            "message_retention_duration": "",
            "message_storage_policy": [],
            "message_transforms": [],
            "name": "json-ingest-events",
            "project": "gothic-victor-470918-u3",
            "schema_settings": [],
            "terraform_labels": {
              "goog-terraform-provisioned": "true"
            },
            "timeouts": null
          },
          "sensitive_attributes": [],
          "private": "eyJlMmJmYjczMC1lY2FhLTExZTYtOGY4OC0zNDM2M2JjN2M0YzAiOnsiY3JlYXRlIjoxMjAwMDAwMDAwMDAwLCJkZWxldGUiOjEyMDAwMDAwMDAwMDAsInVwZGF0ZSI6MTIwMDAwMDAwMDAwMH19"
        }
      ]
    },
    {
      "mode": "managed",
      "type": "google_pubsub_topic_iam_member",
      "name": "allow_gcs_publish",
      "provider": "provider[\"registry.terraform.io/hashicorp/google\"]",
      "instances": [
        {
          "schema_version": 0,
          "attributes": {
            "condition": [],
            "etag": "BwY91gL5de0=",
            "id": "projects/gothic-victor-470918-u3/topics/json-ingest-events/roles/pubsub.publisher/serviceAccount:service-270600096840@gs-project-accounts.iam.gserviceaccount.com",
            "member": "serviceAccount:service-270600096840@gs-project-accounts.iam.gserviceaccount.com",
            "project": "gothic-victor-470918-u3",
            "role": "roles/pubsub.publisher",
            "topic": "projects/gothic-victor-470918-u3/topics/json-ingest-events"
          },
          "sensitive_attributes": [],
          "private": "bnVsbA==",
          "dependencies": [
            "data.google_project.project",
            "google_pubsub_topic.topic"
          ]
        }
      ]
    },
    {
      "mode": "managed",
      "type": "google_storage_bucket",
      "name": "input",
      "provider": "provider[\"registry.terraform.io/hashicorp/google\"]",
      "instances": [
        {
          "schema_version": 4,
          "attributes": {
            "autoclass": [],
            "cors": [],
            "custom_placement_config": [],
            "default_event_based_hold": false,
            "effective_labels": {
              "goog-terraform-provisioned": "true"
            },
            "enable_object_retention": false,
            "encryption": [],
            "force_destroy": false,
            "hierarchical_namespace": [
              {
                "enabled": false
              }
            ],
            "id": "entrada-json",
            "ip_filter": [],
            "labels": {},
            "lifecycle_rule": [],
            "location": "US-CENTRAL1",
            "logging": [],
            "name": "entrada-json",
            "project": "gothic-victor-470918-u3",
            "project_number": 270600096840,
            "public_access_prevention": "inherited",
            "requester_pays": false,
            "retention_policy": [],
            "rpo": null,
            "self_link": "https://www.googleapis.com/storage/v1/b/entrada-json",
            "soft_delete_policy": [
              {
                "effective_time": "2025-09-02T18:53:59.383Z",
                "retention_duration_seconds": 604800
              }
            ],
            "storage_class": "STANDARD",
            "terraform_labels": {
              "goog-terraform-provisioned": "true"
            },
            "time_created": "2025-09-02T18:53:59.383Z",
            "timeouts": null,
            "uniform_bucket_level_access": false,
            "updated": "2025-09-02T18:59:46.543Z",
            "url": "gs://entrada-json",
            "versioning": [],
            "website": []
          },
          "sensitive_attributes": [],
          "private": "eyJlMmJmYjczMC1lY2FhLTExZTYtOGY4OC0zNDM2M2JjN2M0YzAiOnsiY3JlYXRlIjo2MDAwMDAwMDAwMDAsInJlYWQiOjI0MDAwMDAwMDAwMCwidXBkYXRlIjoyNDAwMDAwMDAwMDB9LCJzY2hlbWFfdmVyc2lvbiI6IjQifQ=="
        }
      ]
    },
    {
      "mode": "managed",
      "type": "google_storage_bucket",
      "name": "output",
      "provider": "provider[\"registry.terraform.io/hashicorp/google\"]",
      "instances": [
        {
          "schema_version": 4,
          "attributes": {
            "autoclass": [],
            "cors": [],
            "custom_placement_config": [],
            "default_event_based_hold": false,
            "effective_labels": {
              "goog-terraform-provisioned": "true"
            },
            "enable_object_retention": false,
            "encryption": [],
            "force_destroy": false,
            "hierarchical_namespace": [
              {
                "enabled": false
              }
            ],
            "id": "salida-raw",
            "ip_filter": [],
            "labels": {},
            "lifecycle_rule": [],
            "location": "US-CENTRAL1",
            "logging": [],
            "name": "salida-raw",
            "project": "gothic-victor-470918-u3",
            "project_number": 270600096840,
            "public_access_prevention": "inherited",
            "requester_pays": false,
            "retention_policy": [],
            "rpo": null,
            "self_link": "https://www.googleapis.com/storage/v1/b/salida-raw",
            "soft_delete_policy": [
              {
                "effective_time": "2025-09-02T18:53:59.434Z",
                "retention_duration_seconds": 604800
              }
            ],
            "storage_class": "STANDARD",
            "terraform_labels": {
              "goog-terraform-provisioned": "true"
            },
            "time_created": "2025-09-02T18:53:59.434Z",
            "timeouts": null,
            "uniform_bucket_level_access": false,
            "updated": "2025-09-02T18:53:59.434Z",
            "url": "gs://salida-raw",
            "versioning": [],
            "website": []
          },
          "sensitive_attributes": [],
          "private": "eyJlMmJmYjczMC1lY2FhLTExZTYtOGY4OC0zNDM2M2JjN2M0YzAiOnsiY3JlYXRlIjo2MDAwMDAwMDAwMDAsInJlYWQiOjI0MDAwMDAwMDAwMCwidXBkYXRlIjoyNDAwMDAwMDAwMDB9LCJzY2hlbWFfdmVyc2lvbiI6IjQifQ=="
        }
      ]
    },
    {
      "mode": "managed",
      "type": "google_storage_bucket_object",
      "name": "function_zip",
      "provider": "provider[\"registry.terraform.io/hashicorp/google\"]",
      "instances": [
        {
          "schema_version": 0,
          "attributes": {
            "bucket": "entrada-json",
            "cache_control": "",
            "content": null,
            "content_disposition": "",
            "content_encoding": "",
            "content_language": "",
            "content_type": "application/zip",
            "crc32c": "XRWsIw==",
            "customer_encryption": [],
            "deletion_policy": null,
            "detect_md5hash": "5XB/YPcMlYzUFKF9WLKcrg==",
            "event_based_hold": false,
            "force_empty_content_type": null,
            "generation": 1756840438374385,
            "id": "entrada-json-cloud_function_source.zip",
            "kms_key_name": "",
            "md5hash": "5XB/YPcMlYzUFKF9WLKcrg==",
            "md5hexhash": "e5707f60f70c958cd414a17d58b29cae",
            "media_link": "https://storage.googleapis.com/download/storage/v1/b/entrada-json/o/cloud_function_source.zip?generation=1756840438374385\u0026alt=media",
            "metadata": {},
            "name": "cloud_function_source.zip",
            "output_name": "cloud_function_source.zip",
            "retention": [],
            "self_link": "https://www.googleapis.com/storage/v1/b/entrada-json/o/cloud_function_source.zip",
            "source": "../templates/cloud_function_source.zip",
            "source_md5hash": "",
            "storage_class": "STANDARD",
            "temporary_hold": false,
            "timeouts": null
          },
          "sensitive_attributes": [],
          "private": "eyJlMmJmYjczMC1lY2FhLTExZTYtOGY4OC0zNDM2M2JjN2M0YzAiOnsiY3JlYXRlIjoyNDAwMDAwMDAwMDAsImRlbGV0ZSI6MjQwMDAwMDAwMDAwLCJ1cGRhdGUiOjI0MDAwMDAwMDAwMH19",
          "dependencies": [
            "google_storage_bucket.input"
          ]
        }
      ]
    },
    {
      "mode": "managed",
      "type": "google_storage_notification",
      "name": "notify_pubsub",
      "provider": "provider[\"registry.terraform.io/hashicorp/google\"]",
      "instances": [
        {
          "schema_version": 1,
          "attributes": {
            "bucket": "entrada-json",
            "custom_attributes": null,
            "event_types": [
              "OBJECT_FINALIZE"
            ],
            "id": "entrada-json/notificationConfigs/1",
            "notification_id": "1",
            "object_name_prefix": null,
            "payload_format": "JSON_API_V1",
            "self_link": "https://www.googleapis.com/storage/v1/b/entrada-json/notificationConfigs/1",
            "topic": "projects/gothic-victor-470918-u3/topics/json-ingest-events"
          },
          "sensitive_attributes": [],
          "dependencies": [
            "data.google_project.project",
            "google_pubsub_topic.topic",
            "google_pubsub_topic_iam_member.allow_gcs_publish",
            "google_storage_bucket.input"
          ]
        }
      ]
    }
  ],
  "check_results": null
}
